
Microsoft Visual Studio Solution File, Format Version 12.00
# Visual Studio 2012
Project("{FAE04EC0-301F-11D3-BF4B-00C04F79EFBC}") = "BlockMaster", "BlockMaster\BlockMaster.csproj", "{E44088C0-4840-48E9-82BF-C786DD84BFA7}"
EndProject
Global
	GlobalSection(SolutionConfigurationPlatforms) = preSolution
		Debug|Any CPU = Debug|Any CPU
		Release|Any CPU = Release|Any CPU
	EndGlobalSection
	GlobalSection(ProjectConfigurationPlatforms) = postSolution
		{E44088C0-4840-48E9-82BF-C786DD84BFA7}.Debug|Any CPU.ActiveCfg = Debug|Any CPU
		{E44088C0-4840-48E9-82BF-C786DD84BFA7}.Debug|Any CPU.Build.0 = Debug|Any CPU
		{E44088C0-4840-48E9-82BF-C786DD84BFA7}.Release|Any CPU.ActiveCfg = Release|Any CPU
		{E44088C0-4840-48E9-82BF-C786DD84BFA7}.Release|Any CPU.Build.0 = Release|Any CPU
	EndGlobalSection
	GlobalSection(SolutionProperties) = preSolution
		HideSolutionNode = FALSE
	EndGlobalSection
EndGlobal
